
Microsoft Visual Studio Solution File, Format Version 12.00
# Visual Studio 15
VisualStudioVersion = 15.0.28307.902
MinimumVisualStudioVersion = 10.0.40219.1
Project("{FAE04EC0-301F-11D3-BF4B-00C04F79EFBC}") = "CruzeShipBooking", "CruzeShipBooking\CruzeShipBooking.csproj", "{52B30ACA-5A55-4F66-BC26-50001A09BCD8}"
EndProject
Project("{9A19103F-16F7-4668-BE54-9A1E7A4F7556}") = "PayFast", "..\PayFast\PayFast.csproj", "{07F0C7F6-D239-4A2E-A21C-328737A3712E}"
EndProject
Global
	GlobalSection(SolutionConfigurationPlatforms) = preSolution
		Debug|Any CPU = Debug|Any CPU
		Release|Any CPU = Release|Any CPU
	EndGlobalSection
	GlobalSection(ProjectConfigurationPlatforms) = postSolution
		{52B30ACA-5A55-4F66-BC26-50001A09BCD8}.Debug|Any CPU.ActiveCfg = Debug|Any CPU
		{52B30ACA-5A55-4F66-BC26-50001A09BCD8}.Debug|Any CPU.Build.0 = Debug|Any CPU
		{52B30ACA-5A55-4F66-BC26-50001A09BCD8}.Release|Any CPU.ActiveCfg = Release|Any CPU
		{52B30ACA-5A55-4F66-BC26-50001A09BCD8}.Release|Any CPU.Build.0 = Release|Any CPU
		{07F0C7F6-D239-4A2E-A21C-328737A3712E}.Debug|Any CPU.ActiveCfg = Debug|Any CPU
		{07F0C7F6-D239-4A2E-A21C-328737A3712E}.Debug|Any CPU.Build.0 = Debug|Any CPU
		{07F0C7F6-D239-4A2E-A21C-328737A3712E}.Release|Any CPU.ActiveCfg = Release|Any CPU
		{07F0C7F6-D239-4A2E-A21C-328737A3712E}.Release|Any CPU.Build.0 = Release|Any CPU
	EndGlobalSection
	GlobalSection(SolutionProperties) = preSolution
		HideSolutionNode = FALSE
	EndGlobalSection
	GlobalSection(ExtensibilityGlobals) = postSolution
		SolutionGuid = {3D7FC3FA-CC01-40B7-B4CF-97A4979C18D7}
	EndGlobalSection
EndGlobal
